PODS:
  - Kiwi (2.4.0)
  - Masonry (1.0.1)
  - TYBlurImage (1.2.1)

DEPENDENCIES:
  - Kiwi
  - Masonry
  - TYBlurImage (from `../`)

EXTERNAL SOURCES:
  TYBlurImage:
    :path: ../

SPEC CHECKSUMS:
  Kiwi: f49c9d54b28917df5928fe44968a39ed198cb8a8
  Masonry: a1a931a0d08870ed8ae415a2ea5ea68ebcac77df
  TYBlurImage: 6dab76f1a1e6f9cb2350483e4cfd49791e830b91

PODFILE CHECKSUM: 598d17448e7a1d804b0d59ad00d83ca5d81f9f0f

COCOAPODS: 1.0.1
